<Solution>
  <Folder Name="/Solution Items/">
    <File Path="Directory.Packages.props" />
    <File Path="rd.xml" />
  </Folder>
  <Project Path="Project5.Android/Project5.Android.csproj">
    <Deploy />
  </Project>
  <Project Path="Project5.Browser/Project5.Browser.csproj" />
  <Project Path="Project5.Desktop/Project5.Desktop.csproj" />
  <Project Path="Project5.iOS/Project5.iOS.csproj" />
  <Project Path="Project5/Project5.csproj" />
</Solution>
